{
  "version": 4,
  "terraform_version": "1.3.9",
  "serial": 30,
  "lineage": "1b7b7519-d47d-7dd6-b4fe-23850d5a41fa",
  "outputs": {
    "cloud_sql_instance_name": {
      "value": "postgres-instance-fb7c22c7",
      "type": "string"
    }
  },
  "resources": [
    {
      "mode": "data",
      "type": "google_project",
      "name": "project",
      "provider": "provider[\"registry.terraform.io/hashicorp/google\"]",
      "instances": [
        {
          "schema_version": 0,
          "attributes": {
            "auto_create_network": null,
            "billing_account": "0142F2-A9A4F2-0ADFA9",
            "folder_id": "",
            "id": "projects/p1-tag-updater-manual",
            "labels": {},
            "name": "p1-tag-updater-manual",
            "number": "545538106787",
            "org_id": "278013248630",
            "project_id": "p1-tag-updater-manual",
            "skip_delete": null
          },
          "sensitive_attributes": []
        }
      ]
    },
    {
      "mode": "managed",
      "type": "google_compute_network",
      "name": "vpc",
      "provider": "provider[\"registry.terraform.io/hashicorp/google\"]",
      "instances": [
        {
          "schema_version": 0,
          "attributes": {
            "auto_create_subnetworks": false,
            "delete_default_routes_on_create": false,
            "description": "",
            "enable_ula_internal_ipv6": false,
            "gateway_ipv4": "",
            "id": "projects/p1-tag-updater-manual/global/networks/p1-tag-updater-manual-vpc",
            "internal_ipv6_range": "",
            "mtu": 0,
            "name": "p1-tag-updater-manual-vpc",
            "project": "p1-tag-updater-manual",
            "routing_mode": "REGIONAL",
            "self_link": "https://www.googleapis.com/compute/v1/projects/p1-tag-updater-manual/global/networks/p1-tag-updater-manual-vpc",
            "timeouts": null
          },
          "sensitive_attributes": [],
          "private": "eyJlMmJmYjczMC1lY2FhLTExZTYtOGY4OC0zNDM2M2JjN2M0YzAiOnsiY3JlYXRlIjoxMjAwMDAwMDAwMDAwLCJkZWxldGUiOjEyMDAwMDAwMDAwMDAsInVwZGF0ZSI6MTIwMDAwMDAwMDAwMH19"
        }
      ]
    },
    {
      "mode": "managed",
      "type": "google_compute_subnetwork",
      "name": "subnet",
      "provider": "provider[\"registry.terraform.io/hashicorp/google\"]",
      "instances": [
        {
          "schema_version": 0,
          "attributes": {
            "creation_timestamp": "2023-02-21T00:22:15.510-08:00",
            "description": "",
            "external_ipv6_prefix": "",
            "fingerprint": null,
            "gateway_address": "10.0.1.1",
            "id": "projects/p1-tag-updater-manual/regions/us-central1/subnetworks/p1-tag-updater-manual-subnet",
            "ip_cidr_range": "10.0.1.0/24",
            "ipv6_access_type": "",
            "ipv6_cidr_range": "",
            "log_config": [],
            "name": "p1-tag-updater-manual-subnet",
            "network": "https://www.googleapis.com/compute/v1/projects/p1-tag-updater-manual/global/networks/p1-tag-updater-manual-vpc",
            "private_ip_google_access": true,
            "private_ipv6_google_access": "DISABLE_GOOGLE_ACCESS",
            "project": "p1-tag-updater-manual",
            "purpose": "PRIVATE",
            "region": "us-central1",
            "role": "",
            "secondary_ip_range": [
              {
                "ip_cidr_range": "10.84.128.0/22",
                "range_name": "gke-p1-tag-updater-manual-gke-services-2251478f"
              },
              {
                "ip_cidr_range": "10.84.0.0/17",
                "range_name": "gke-p1-tag-updater-manual-gke-pods-2251478f"
              }
            ],
            "self_link": "https://www.googleapis.com/compute/v1/projects/p1-tag-updater-manual/regions/us-central1/subnetworks/p1-tag-updater-manual-subnet",
            "stack_type": "IPV4_ONLY",
            "timeouts": null
          },
          "sensitive_attributes": [],
          "private": "eyJlMmJmYjczMC1lY2FhLTExZTYtOGY4OC0zNDM2M2JjN2M0YzAiOnsiY3JlYXRlIjoxMjAwMDAwMDAwMDAwLCJkZWxldGUiOjEyMDAwMDAwMDAwMDAsInVwZGF0ZSI6MTIwMDAwMDAwMDAwMH19",
          "dependencies": [
            "google_compute_network.vpc"
          ]
        }
      ]
    },
    {
      "mode": "managed",
      "type": "google_container_cluster",
      "name": "cluster",
      "provider": "provider[\"registry.terraform.io/hashicorp/google\"]",
      "instances": [
        {
          "schema_version": 1,
          "attributes": {
            "addons_config": [
              {
                "cloudrun_config": [],
                "config_connector_config": [],
                "dns_cache_config": [
                  {
                    "enabled": true
                  }
                ],
                "gce_persistent_disk_csi_driver_config": [
                  {
                    "enabled": true
                  }
                ],
                "gcp_filestore_csi_driver_config": [
                  {
                    "enabled": true
                  }
                ],
                "gke_backup_agent_config": [],
                "horizontal_pod_autoscaling": [],
                "http_load_balancing": [],
                "network_policy_config": [
                  {
                    "disabled": true
                  }
                ]
              }
            ],
            "authenticator_groups_config": [],
            "binary_authorization": [
              {
                "enabled": false,
                "evaluation_mode": ""
              }
            ],
            "cluster_autoscaling": [
              {
                "auto_provisioning_defaults": [
                  {
                    "boot_disk_kms_key": "",
                    "disk_size": 0,
                    "disk_type": "",
                    "image_type": "COS_CONTAINERD",
                    "management": [
                      {
                        "auto_repair": true,
                        "auto_upgrade": true,
                        "upgrade_options": []
                      }
                    ],
                    "min_cpu_platform": "",
                    "oauth_scopes": [
                      "https://www.googleapis.com/auth/devstorage.read_only",
                      "https://www.googleapis.com/auth/logging.write",
                      "https://www.googleapis.com/auth/monitoring",
                      "https://www.googleapis.com/auth/service.management.readonly",
                      "https://www.googleapis.com/auth/servicecontrol",
                      "https://www.googleapis.com/auth/trace.append"
                    ],
                    "service_account": "default",
                    "shielded_instance_config": [],
                    "upgrade_settings": [
                      {
                        "blue_green_settings": [],
                        "max_surge": 1,
                        "max_unavailable": 0,
                        "strategy": "SURGE"
                      }
                    ]
                  }
                ],
                "enabled": true,
                "resource_limits": [
                  {
                    "maximum": 1000000000,
                    "minimum": 0,
                    "resource_type": "cpu"
                  },
                  {
                    "maximum": 1000000000,
                    "minimum": 0,
                    "resource_type": "memory"
                  },
                  {
                    "maximum": 1000000000,
                    "minimum": 0,
                    "resource_type": "nvidia-tesla-t4"
                  },
                  {
                    "maximum": 1000000000,
                    "minimum": 0,
                    "resource_type": "nvidia-tesla-a100"
                  }
                ]
              }
            ],
            "cluster_ipv4_cidr": "10.84.0.0/17",
            "confidential_nodes": [],
            "cost_management_config": [],
            "database_encryption": [
              {
                "key_name": "",
                "state": "DECRYPTED"
              }
            ],
            "datapath_provider": "ADVANCED_DATAPATH",
            "default_max_pods_per_node": 110,
            "default_snat_status": [
              {
                "disabled": false
              }
            ],
            "description": "",
            "dns_config": [],
            "enable_autopilot": true,
            "enable_binary_authorization": false,
            "enable_intranode_visibility": true,
            "enable_kubernetes_alpha": false,
            "enable_l4_ilb_subsetting": false,
            "enable_legacy_abac": false,
            "enable_shielded_nodes": true,
            "enable_tpu": false,
            "endpoint": "34.136.35.215",
            "gateway_api_config": [],
            "id": "projects/p1-tag-updater-manual/locations/us-central1/clusters/p1-tag-updater-manual-gke",
            "initial_node_count": 0,
            "ip_allocation_policy": [
              {
                "cluster_ipv4_cidr_block": "10.84.0.0/17",
                "cluster_secondary_range_name": "gke-p1-tag-updater-manual-gke-pods-2251478f",
                "services_ipv4_cidr_block": "10.84.128.0/22",
                "services_secondary_range_name": "gke-p1-tag-updater-manual-gke-services-2251478f"
              }
            ],
            "label_fingerprint": "a9dc16a7",
            "location": "us-central1",
            "logging_config": [
              {
                "enable_components": [
                  "SYSTEM_COMPONENTS",
                  "WORKLOADS"
                ]
              }
            ],
            "logging_service": "logging.googleapis.com/kubernetes",
            "maintenance_policy": [],
            "master_auth": [
              {
                "client_certificate": "",
                "client_certificate_config": [
                  {
                    "issue_client_certificate": false
                  }
                ],
                "client_key": "",
                "cluster_ca_certificate": "LS0tLS1CRUdJTiBDRVJUSUZJQ0FURS0tLS0tCk1JSUVMRENDQXBTZ0F3SUJBZ0lRSFFjS0NsZlB4Tm1aM3V6bmMvRVorekFOQmdrcWhraUc5dzBCQVFzRkFEQXYKTVMwd0t3WURWUVFERXlReE1HTmlOV1JsWWkweU9HVXpMVFEzTXpFdFlqRTVPUzB5TTJSa01EVTVObUUxTm1VdwpJQmNOTWpNd01qSXhNRGN5TWpJNFdoZ1BNakExTXpBeU1UTXdPREl5TWpoYU1DOHhMVEFyQmdOVkJBTVRKREV3ClkySTFaR1ZpTFRJNFpUTXRORGN6TVMxaU1UazVMVEl6WkdRd05UazJZVFUyWlRDQ0FhSXdEUVlKS29aSWh2Y04KQVFFQkJRQURnZ0dQQURDQ0FZb0NnZ0dCQUw3QnlKcCsyUnQxUWlUVWhRZ29Kc3pKYWV6WWcza1dsNE9BRjVudgp2RitCKzQvamNJV0NKdGJQeitOa3FtTW5wR3BWa1ZKOGJZNkJ5UkRDNUMvVnlPWndrcDVwcjlocU9Ea1hxMFRqClJocC9TZ1RjczVYU0dzejBicG4wNnB0K2VlMDdKMUY4bXU0QThBTXlBYldPdHFCMGpSREhZdGdWbUZqNG91RTgKa1NwNy9BYjNubmp2dldXK2Q4ZTZwWU5iVmVoN0F3Mmgxb2YyWmF5VDYvSGhWTFZXdmR3bTgzdFZvK21FZVdhNAo5bEUzdUFRMUFPZldWV2hnR2c0SkREcXh4N3JPNHpTTzZKTnFOTmVwdllhSkRnTEgxekdOb3MvbW91TW4xejhNCnA3NlE1SVArRGRESVFOM3RabkRuVEtvbk9OQmxGUmwxMHVtTWZJNFU4WFFqU0RKOGhiZkZUTWJFdXpTa0pkTzcKUUR2QUZ5aUgrdzFwZEhIUXV3K0s2YzdsK0VBWjRuYllnQXBIMFZOR1V1cFNLVnE0MUlzVDIvM3hTWEhGSXlSZAp4QUpMTCtZV2NNN2ZmcTFyUGJ4cGxMZ245eThPRC9XU1Y0cGMreVZuM0NZOXI1VFVUQ1M2ZjJKb1BSRVEvd1dCCndlS0hkeVNNa2lNckN6WExjM25MZ1QwTmNRSURBUUFCbzBJd1FEQU9CZ05WSFE4QkFmOEVCQU1DQWdRd0R3WUQKVlIwVEFRSC9CQVV3QXdFQi96QWRCZ05WSFE0RUZnUVV3WTUvaXFteVZhNkcvRk0yNFkvOUUzU3oxN1l3RFFZSgpLb1pJaHZjTkFRRUxCUUFEZ2dHQkFMdnJmN2cvRkFrMnJSdkNKL0dIc0hpaEF3RWcreEY3Rlg1c2Z4em15MFhlCnVzY1diY1lvRFRGT0l5YTdKbEFvRXhnOHBHRWpTTnVocWpyeXhaQ3JaS0YydFoxelVsRExDL1VjWlNWOVV5MFIKMmVkNHgyVkMzVDQvMzBBRW56SmpRZTJSeG4zRDFlTlNxbDFGUHFWUDBCbXZRZ01UZnVhcldlcndRQWtiWmZJcgpiN0hBTGl0eUlBbVNneU1iWnI0Y2pJdVV6ektSbGtaRVBQalZ4NGxRb3JiWWZrSTg3UWJ5MC9Iakx3d1ZqVDY2CndyN3R3TXZnTWNFT255MEt5OGQzN3JhcWF2S3dpTGNlR2FQb0RZL2VCbjFPWXBWWUhEVGR3VHdyNWxWQnlOMzMKc1BsN3lQSm5zbWxjVDI2aUNtK0ltWjN2b2t5TElHM25jbTBHT1pLcThhMWg3emI2QlgvZTZTbjJJa2FQVXA1KwpmcFVmNllIdVlxWGRibnFZQ0FHTEIwQjEreU0zRjE0QjRwcXFYUHR0Q2RmOExCS0hRdVJRS3pSc2xCNVBCT3RoCjlsbGRzL2FIWVJveDk1aVdwR3dwenlKK2VvREhFQXpOaTlBWUtQUEk2RmZvQWpsdnNJQ0xGeUJEa0M0cEZpVFUKR1lOUlBBMWFGZGVSVUk1YU1CaFpCQT09Ci0tLS0tRU5EIENFUlRJRklDQVRFLS0tLS0K"
              }
            ],
            "master_authorized_networks_config": [],
            "master_version": "1.24.9-gke.2000",
            "mesh_certificates": [],
            "min_master_version": null,
            "monitoring_config": [
              {
                "enable_components": [
                  "SYSTEM_COMPONENTS"
                ],
                "managed_prometheus": []
              }
            ],
            "monitoring_service": "monitoring.googleapis.com/kubernetes",
            "name": "p1-tag-updater-manual-gke",
            "network": "projects/p1-tag-updater-manual/global/networks/p1-tag-updater-manual-vpc",
            "network_policy": [
              {
                "enabled": false,
                "provider": "PROVIDER_UNSPECIFIED"
              }
            ],
            "networking_mode": "VPC_NATIVE",
            "node_config": [
              {
                "boot_disk_kms_key": "",
                "disk_size_gb": 100,
                "disk_type": "pd-standard",
                "gcfs_config": [],
                "guest_accelerator": [],
                "gvnic": [],
                "image_type": "COS_CONTAINERD",
                "kubelet_config": [],
                "labels": {},
                "linux_node_config": [],
                "local_ssd_count": 0,
                "logging_variant": "DEFAULT",
                "machine_type": "e2-highcpu-2",
                "metadata": {
                  "disable-legacy-endpoints": "true"
                },
                "min_cpu_platform": "",
                "node_group": "",
                "oauth_scopes": [
                  "https://www.googleapis.com/auth/devstorage.read_only",
                  "https://www.googleapis.com/auth/logging.write",
                  "https://www.googleapis.com/auth/monitoring",
                  "https://www.googleapis.com/auth/service.management.readonly",
                  "https://www.googleapis.com/auth/servicecontrol",
                  "https://www.googleapis.com/auth/trace.append"
                ],
                "preemptible": false,
                "reservation_affinity": [
                  {
                    "consume_reservation_type": "NO_RESERVATION",
                    "key": "",
                    "values": []
                  }
                ],
                "resource_labels": {},
                "service_account": "default",
                "shielded_instance_config": [
                  {
                    "enable_integrity_monitoring": true,
                    "enable_secure_boot": true
                  }
                ],
                "spot": false,
                "tags": [],
                "taint": [],
                "workload_metadata_config": [
                  {
                    "mode": "GKE_METADATA"
                  }
                ]
              }
            ],
            "node_locations": [
              "us-central1-a",
              "us-central1-b",
              "us-central1-c",
              "us-central1-f"
            ],
            "node_pool": [
              {
                "autoscaling": [
                  {
                    "location_policy": "BALANCED",
                    "max_node_count": 1000,
                    "min_node_count": 0,
                    "total_max_node_count": 0,
                    "total_min_node_count": 0
                  }
                ],
                "initial_node_count": 0,
                "instance_group_urls": [],
                "managed_instance_group_urls": [],
                "management": [
                  {
                    "auto_repair": true,
                    "auto_upgrade": true
                  }
                ],
                "max_pods_per_node": 32,
                "name": "nap-nyyvsy9y",
                "name_prefix": "",
                "network_config": [
                  {
                    "create_pod_range": false,
                    "enable_private_nodes": false,
                    "pod_ipv4_cidr_block": "10.84.0.0/17",
                    "pod_range": "gke-p1-tag-updater-manual-gke-pods-2251478f"
                  }
                ],
                "node_config": [
                  {
                    "boot_disk_kms_key": "",
                    "disk_size_gb": 100,
                    "disk_type": "pd-standard",
                    "gcfs_config": [],
                    "guest_accelerator": [],
                    "gvnic": [],
                    "image_type": "COS_CONTAINERD",
                    "kubelet_config": [],
                    "labels": {},
                    "linux_node_config": [],
                    "local_ssd_count": 0,
                    "logging_variant": "DEFAULT",
                    "machine_type": "e2-highcpu-2",
                    "metadata": {
                      "disable-legacy-endpoints": "true"
                    },
                    "min_cpu_platform": "",
                    "node_group": "",
                    "oauth_scopes": [
                      "https://www.googleapis.com/auth/devstorage.read_only",
                      "https://www.googleapis.com/auth/logging.write",
                      "https://www.googleapis.com/auth/monitoring",
                      "https://www.googleapis.com/auth/service.management.readonly",
                      "https://www.googleapis.com/auth/servicecontrol",
                      "https://www.googleapis.com/auth/trace.append"
                    ],
                    "preemptible": false,
                    "reservation_affinity": [
                      {
                        "consume_reservation_type": "NO_RESERVATION",
                        "key": "",
                        "values": []
                      }
                    ],
                    "resource_labels": {},
                    "service_account": "default",
                    "shielded_instance_config": [
                      {
                        "enable_integrity_monitoring": true,
                        "enable_secure_boot": true
                      }
                    ],
                    "spot": false,
                    "tags": [],
                    "taint": [],
                    "workload_metadata_config": [
                      {
                        "mode": "GKE_METADATA"
                      }
                    ]
                  }
                ],
                "node_count": 0,
                "node_locations": [
                  "us-central1-a",
                  "us-central1-b",
                  "us-central1-c",
                  "us-central1-f"
                ],
                "placement_policy": [
                  {
                    "type": ""
                  }
                ],
                "upgrade_settings": [
                  {
                    "blue_green_settings": [],
                    "max_surge": 1,
                    "max_unavailable": 0,
                    "strategy": "SURGE"
                  }
                ],
                "version": "1.24.9-gke.2000"
              },
              {
                "autoscaling": [
                  {
                    "location_policy": "BALANCED",
                    "max_node_count": 1000,
                    "min_node_count": 0,
                    "total_max_node_count": 0,
                    "total_min_node_count": 0
                  }
                ],
                "initial_node_count": 0,
                "instance_group_urls": [],
                "managed_instance_group_urls": [],
                "management": [
                  {
                    "auto_repair": true,
                    "auto_upgrade": true
                  }
                ],
                "max_pods_per_node": 32,
                "name": "nap-vtn3dzsz",
                "name_prefix": "",
                "network_config": [
                  {
                    "create_pod_range": false,
                    "enable_private_nodes": false,
                    "pod_ipv4_cidr_block": "10.84.0.0/17",
                    "pod_range": "gke-p1-tag-updater-manual-gke-pods-2251478f"
                  }
                ],
                "node_config": [
                  {
                    "boot_disk_kms_key": "",
                    "disk_size_gb": 100,
                    "disk_type": "pd-standard",
                    "gcfs_config": [],
                    "guest_accelerator": [],
                    "gvnic": [],
                    "image_type": "COS_CONTAINERD",
                    "kubelet_config": [],
                    "labels": {},
                    "linux_node_config": [],
                    "local_ssd_count": 0,
                    "logging_variant": "DEFAULT",
                    "machine_type": "e2-standard-2",
                    "metadata": {
                      "disable-legacy-endpoints": "true"
                    },
                    "min_cpu_platform": "",
                    "node_group": "",
                    "oauth_scopes": [
                      "https://www.googleapis.com/auth/devstorage.read_only",
                      "https://www.googleapis.com/auth/logging.write",
                      "https://www.googleapis.com/auth/monitoring",
                      "https://www.googleapis.com/auth/service.management.readonly",
                      "https://www.googleapis.com/auth/servicecontrol",
                      "https://www.googleapis.com/auth/trace.append"
                    ],
                    "preemptible": false,
                    "reservation_affinity": [
                      {
                        "consume_reservation_type": "NO_RESERVATION",
                        "key": "",
                        "values": []
                      }
                    ],
                    "resource_labels": {},
                    "service_account": "default",
                    "shielded_instance_config": [
                      {
                        "enable_integrity_monitoring": true,
                        "enable_secure_boot": true
                      }
                    ],
                    "spot": false,
                    "tags": [],
                    "taint": [],
                    "workload_metadata_config": [
                      {
                        "mode": "GKE_METADATA"
                      }
                    ]
                  }
                ],
                "node_count": 0,
                "node_locations": [
                  "us-central1-a",
                  "us-central1-b",
                  "us-central1-c",
                  "us-central1-f"
                ],
                "placement_policy": [
                  {
                    "type": ""
                  }
                ],
                "upgrade_settings": [
                  {
                    "blue_green_settings": [],
                    "max_surge": 1,
                    "max_unavailable": 0,
                    "strategy": "SURGE"
                  }
                ],
                "version": "1.24.9-gke.2000"
              }
            ],
            "node_pool_defaults": [
              {
                "node_config_defaults": [
                  {
                    "logging_variant": "DEFAULT"
                  }
                ]
              }
            ],
            "node_version": "1.24.9-gke.2000",
            "notification_config": [
              {
                "pubsub": [
                  {
                    "enabled": false,
                    "filter": [],
                    "topic": ""
                  }
                ]
              }
            ],
            "operation": null,
            "private_cluster_config": [
              {
                "enable_private_endpoint": false,
                "enable_private_nodes": false,
                "master_global_access_config": [
                  {
                    "enabled": false
                  }
                ],
                "master_ipv4_cidr_block": "",
                "peering_name": "",
                "private_endpoint": "10.0.1.2",
                "private_endpoint_subnetwork": "",
                "public_endpoint": "34.136.35.215"
              }
            ],
            "private_ipv6_google_access": "",
            "project": "p1-tag-updater-manual",
            "release_channel": [
              {
                "channel": "REGULAR"
              }
            ],
            "remove_default_node_pool": null,
            "resource_labels": {},
            "resource_usage_export_config": [],
            "self_link": "https://container.googleapis.com/v1/projects/p1-tag-updater-manual/locations/us-central1/clusters/p1-tag-updater-manual-gke",
            "service_external_ips_config": [
              {
                "enabled": false
              }
            ],
            "services_ipv4_cidr": "10.84.128.0/22",
            "subnetwork": "projects/p1-tag-updater-manual/regions/us-central1/subnetworks/p1-tag-updater-manual-subnet",
            "timeouts": null,
            "tpu_ipv4_cidr_block": "",
            "vertical_pod_autoscaling": [
              {
                "enabled": true
              }
            ],
            "workload_identity_config": [
              {
                "workload_pool": "p1-tag-updater-manual.svc.id.goog"
              }
            ]
          },
          "sensitive_attributes": [],
          "private": "eyJlMmJmYjczMC1lY2FhLTExZTYtOGY4OC0zNDM2M2JjN2M0YzAiOnsiY3JlYXRlIjoyNDAwMDAwMDAwMDAwLCJkZWxldGUiOjI0MDAwMDAwMDAwMDAsInJlYWQiOjI0MDAwMDAwMDAwMDAsInVwZGF0ZSI6MzYwMDAwMDAwMDAwMH0sInNjaGVtYV92ZXJzaW9uIjoiMSJ9",
          "dependencies": [
            "google_compute_network.vpc",
            "google_compute_subnetwork.subnet"
          ]
        }
      ]
    },
    {
      "mode": "managed",
      "type": "google_project_iam_binding",
      "name": "service-account-cloudsql-binding",
      "provider": "provider[\"registry.terraform.io/hashicorp/google\"]",
      "instances": [
        {
          "schema_version": 0,
          "attributes": {
            "condition": [],
            "etag": "BwX1OxCCvLw=",
            "id": "p1-tag-updater-manual/roles/cloudsql.client",
            "members": [
              "serviceAccount:p1-tag-updater-manual-gke-sa@p1-tag-updater-manual.iam.gserviceaccount.com"
            ],
            "project": "p1-tag-updater-manual",
            "role": "roles/cloudsql.client"
          },
          "sensitive_attributes": [],
          "private": "bnVsbA==",
          "dependencies": [
            "google_compute_network.vpc",
            "google_compute_subnetwork.subnet",
            "google_container_cluster.cluster",
            "google_service_account.gke_service_account"
          ]
        }
      ]
    },
    {
      "mode": "managed",
      "type": "google_project_iam_binding",
      "name": "service-account-logging-binding",
      "provider": "provider[\"registry.terraform.io/hashicorp/google\"]",
      "instances": [
        {
          "schema_version": 0,
          "attributes": {
            "condition": [],
            "etag": "BwX1OxCCvLw=",
            "id": "p1-tag-updater-manual/roles/logging.logWriter",
            "members": [
              "serviceAccount:p1-tag-updater-manual-gke-sa@p1-tag-updater-manual.iam.gserviceaccount.com"
            ],
            "project": "p1-tag-updater-manual",
            "role": "roles/logging.logWriter"
          },
          "sensitive_attributes": [],
          "private": "bnVsbA==",
          "dependencies": [
            "google_compute_network.vpc",
            "google_compute_subnetwork.subnet",
            "google_container_cluster.cluster",
            "google_service_account.gke_service_account"
          ]
        }
      ]
    },
    {
      "mode": "managed",
      "type": "google_secret_manager_secret",
      "name": "secret",
      "provider": "provider[\"registry.terraform.io/hashicorp/google\"]",
      "instances": [
        {
          "schema_version": 0,
          "attributes": {
            "create_time": "2023-02-21T08:22:03.111652Z",
            "expire_time": "",
            "id": "projects/p1-tag-updater-manual/secrets/database_password",
            "labels": {},
            "name": "projects/545538106787/secrets/database_password",
            "project": "p1-tag-updater-manual",
            "replication": [
              {
                "automatic": true,
                "user_managed": []
              }
            ],
            "rotation": [],
            "secret_id": "database_password",
            "timeouts": null,
            "topics": [],
            "ttl": null
          },
          "sensitive_attributes": [],
          "private": "eyJlMmJmYjczMC1lY2FhLTExZTYtOGY4OC0zNDM2M2JjN2M0YzAiOnsiY3JlYXRlIjoxMjAwMDAwMDAwMDAwLCJkZWxldGUiOjEyMDAwMDAwMDAwMDAsInVwZGF0ZSI6MTIwMDAwMDAwMDAwMH19"
        }
      ]
    },
    {
      "mode": "managed",
      "type": "google_secret_manager_secret_iam_member",
      "name": "secret-access",
      "provider": "provider[\"registry.terraform.io/hashicorp/google\"]",
      "instances": [
        {
          "schema_version": 0,
          "attributes": {
            "condition": [],
            "etag": "BwX1MXl+3R0=",
            "id": "projects/p1-tag-updater-manual/secrets/database_password/roles/secretmanager.secretAccessor/serviceAccount:545538106787-compute@developer.gserviceaccount.com",
            "member": "serviceAccount:545538106787-compute@developer.gserviceaccount.com",
            "project": "p1-tag-updater-manual",
            "role": "roles/secretmanager.secretAccessor",
            "secret_id": "projects/p1-tag-updater-manual/secrets/database_password"
          },
          "sensitive_attributes": [],
          "private": "bnVsbA==",
          "dependencies": [
            "data.google_project.project",
            "google_secret_manager_secret.secret"
          ]
        }
      ]
    },
    {
      "mode": "managed",
      "type": "google_secret_manager_secret_version",
      "name": "secret-version-data",
      "provider": "provider[\"registry.terraform.io/hashicorp/google\"]",
      "instances": [
        {
          "schema_version": 0,
          "attributes": {
            "create_time": "2023-02-21T08:22:04.644312Z",
            "destroy_time": "",
            "enabled": true,
            "id": "projects/545538106787/secrets/database_password/versions/1",
            "name": "projects/545538106787/secrets/database_password/versions/1",
            "secret": "projects/545538106787/secrets/database_password",
            "secret_data": "UERgJwt34Hb1",
            "timeouts": null,
            "version": "1"
          },
          "sensitive_attributes": [],
          "private": "eyJlMmJmYjczMC1lY2FhLTExZTYtOGY4OC0zNDM2M2JjN2M0YzAiOnsiY3JlYXRlIjoxMjAwMDAwMDAwMDAwLCJkZWxldGUiOjEyMDAwMDAwMDAwMDB9fQ==",
          "dependencies": [
            "google_secret_manager_secret.secret"
          ]
        }
      ]
    },
    {
      "mode": "managed",
      "type": "google_service_account",
      "name": "gke_service_account",
      "provider": "provider[\"registry.terraform.io/hashicorp/google\"]",
      "instances": [
        {
          "schema_version": 0,
          "attributes": {
            "account_id": "p1-tag-updater-manual-gke-sa",
            "description": "",
            "disabled": false,
            "display_name": "",
            "email": "p1-tag-updater-manual-gke-sa@p1-tag-updater-manual.iam.gserviceaccount.com",
            "id": "projects/p1-tag-updater-manual/serviceAccounts/p1-tag-updater-manual-gke-sa@p1-tag-updater-manual.iam.gserviceaccount.com",
            "member": "serviceAccount:p1-tag-updater-manual-gke-sa@p1-tag-updater-manual.iam.gserviceaccount.com",
            "name": "projects/p1-tag-updater-manual/serviceAccounts/p1-tag-updater-manual-gke-sa@p1-tag-updater-manual.iam.gserviceaccount.com",
            "project": "p1-tag-updater-manual",
            "timeouts": null,
            "unique_id": "112608241413429400249"
          },
          "sensitive_attributes": [],
          "private": "eyJlMmJmYjczMC1lY2FhLTExZTYtOGY4OC0zNDM2M2JjN2M0YzAiOnsiY3JlYXRlIjozMDAwMDAwMDAwMDB9fQ==",
          "dependencies": [
            "google_compute_network.vpc",
            "google_compute_subnetwork.subnet",
            "google_container_cluster.cluster"
          ]
        }
      ]
    },
    {
      "mode": "managed",
      "type": "google_service_account_iam_binding",
      "name": "service-account-workload-identity-binding",
      "provider": "provider[\"registry.terraform.io/hashicorp/google\"]",
      "instances": [
        {
          "schema_version": 0,
          "attributes": {
            "condition": [],
            "etag": "BwX1O6dGALU=",
            "id": "projects/p1-tag-updater-manual/serviceAccounts/p1-tag-updater-manual-gke-sa@p1-tag-updater-manual.iam.gserviceaccount.com/roles/iam.workloadIdentityUser",
            "members": [
              "serviceAccount:p1-tag-updater-manual.svc.id.goog[facts/facts-sa]"
            ],
            "role": "roles/iam.workloadIdentityUser",
            "service_account_id": "projects/p1-tag-updater-manual/serviceAccounts/p1-tag-updater-manual-gke-sa@p1-tag-updater-manual.iam.gserviceaccount.com"
          },
          "sensitive_attributes": [],
          "private": "bnVsbA==",
          "dependencies": [
            "google_service_account.gke_service_account"
          ]
        }
      ]
    },
    {
      "mode": "managed",
      "type": "google_sql_database",
      "name": "database",
      "provider": "provider[\"registry.terraform.io/hashicorp/google\"]",
      "instances": [
        {
          "schema_version": 0,
          "attributes": {
            "charset": "UTF8",
            "collation": "en_US.UTF8",
            "deletion_policy": "DELETE",
            "id": "projects/p1-tag-updater-manual/instances/postgres-instance-fb7c22c7/databases/facts",
            "instance": "postgres-instance-fb7c22c7",
            "name": "facts",
            "project": "p1-tag-updater-manual",
            "self_link": "https://sqladmin.googleapis.com/sql/v1beta4/projects/p1-tag-updater-manual/instances/postgres-instance-fb7c22c7/databases/facts",
            "timeouts": null
          },
          "sensitive_attributes": [],
          "private": "eyJlMmJmYjczMC1lY2FhLTExZTYtOGY4OC0zNDM2M2JjN2M0YzAiOnsiY3JlYXRlIjoxMjAwMDAwMDAwMDAwLCJkZWxldGUiOjEyMDAwMDAwMDAwMDAsInVwZGF0ZSI6MTIwMDAwMDAwMDAwMH19",
          "dependencies": [
            "google_sql_database_instance.instance",
            "random_id.db_name_suffix"
          ]
        }
      ]
    },
    {
      "mode": "managed",
      "type": "google_sql_database_instance",
      "name": "instance",
      "provider": "provider[\"registry.terraform.io/hashicorp/google\"]",
      "instances": [
        {
          "schema_version": 0,
          "attributes": {
            "available_maintenance_versions": [],
            "clone": [],
            "connection_name": "p1-tag-updater-manual:us-central1:postgres-instance-fb7c22c7",
            "database_version": "POSTGRES_14",
            "deletion_protection": false,
            "encryption_key_name": null,
            "first_ip_address": "35.192.163.225",
            "id": "postgres-instance-fb7c22c7",
            "instance_type": "CLOUD_SQL_INSTANCE",
            "ip_address": [
              {
                "ip_address": "35.192.163.225",
                "time_to_retire": "",
                "type": "PRIMARY"
              }
            ],
            "maintenance_version": "POSTGRES_14_4.R20220710.01_16",
            "master_instance_name": "",
            "name": "postgres-instance-fb7c22c7",
            "private_ip_address": "",
            "project": "p1-tag-updater-manual",
            "public_ip_address": "35.192.163.225",
            "region": "us-central1",
            "replica_configuration": [],
            "restore_backup_context": [],
            "root_password": null,
            "self_link": "https://sqladmin.googleapis.com/sql/v1beta4/projects/p1-tag-updater-manual/instances/postgres-instance-fb7c22c7",
            "server_ca_cert": [
              {
                "cert": "-----BEGIN CERTIFICATE-----\nMIIDfzCCAmegAwIBAgIBADANBgkqhkiG9w0BAQsFADB3MS0wKwYDVQQuEyQ1YmIw\nNWQ1Ni0zM2VkLTQ2ODEtOWQyMi02YzE5MGJlZGVlYTIxIzAhBgNVBAMTGkdvb2ds\nZSBDbG91ZCBTUUwgU2VydmVyIENBMRQwEgYDVQQKEwtHb29nbGUsIEluYzELMAkG\nA1UEBhMCVVMwHhcNMjMwMjIwMTQyNTM5WhcNMzMwMjE3MTQyNjM5WjB3MS0wKwYD\nVQQuEyQ1YmIwNWQ1Ni0zM2VkLTQ2ODEtOWQyMi02YzE5MGJlZGVlYTIxIzAhBgNV\nBAMTGkdvb2dsZSBDbG91ZCBTUUwgU2VydmVyIENBMRQwEgYDVQQKEwtHb29nbGUs\nIEluYzELMAkGA1UEBhMCVVMwggEiMA0GCSqGSIb3DQEBAQUAA4IBDwAwggEKAoIB\nAQC5clVK141slUwF4XrQwTZjbGtJeUVCPWNot2Woq5Nu+EwR14PugpfOURlDnxtD\nYNmS2MITpcQ0vjndNBXNbY4T8Div6iuFqcc5ZOJ/kjkyfjQyRtwvwb7gkTzZGaCd\nJKBJC/B0C4E6Yu6frJDur1LEmKxVEJKXg9cAUz2CE7d+jrq7WlLFdNQGiVzJRjzT\nc3tYbt3FCTm+ovPSxu+mgoNBWSPqZQBs1RgO2iS1874f8MmZG8oqMsq5EvTO0LEP\neQV6h7CO6otHHufrW6HN5ceZ7fliiJ1HUhC5dyfiSBzKfcZKrE0fSUITb3yzV5Wj\nHhzn4ViYsPA+ObuJd4wFowr5AgMBAAGjFjAUMBIGA1UdEwEB/wQIMAYBAf8CAQAw\nDQYJKoZIhvcNAQELBQADggEBABI0S1+GeKoLQE88nmWEf6+RZXuWu8QkxfQ3JLyS\nH+JGKK0iG/ca5xGoeZ7ogoFfArHJL1nSkbS6MV3cxhjudx1evRiFMFGQDHo4eqt3\n2Gx+5A4n+CbbVZCeRt8JT7PKabJqNHhw817ljc4RSTEggDCS4ofbifoJsPeAWPTf\npjyT24zQVDh8OZETuHCUvDNf0XmYVjom8glChSdpsTp3oSB8ViYAv0MWtxmYAO4y\nQFi6+6RdL1bCDGEiay0d8oXemmrpBiFiVLegWtKaZKr0RkdfXuFiJufqeEWRAPk1\nYhZvzCPqIhCsAiVj+mWqcjg+qs1sIOcLizmfdeALG24SSvY=\n-----END CERTIFICATE-----",
                "common_name": "C=US,O=Google\\, Inc,CN=Google Cloud SQL Server CA,dnQualifier=5bb05d56-33ed-4681-9d22-6c190bedeea2",
                "create_time": "2023-02-20T14:25:39.009Z",
                "expiration_time": "2033-02-17T14:26:39.009Z",
                "sha1_fingerprint": "346751f413b5bd29aae4e45c6da9725677a63425"
              }
            ],
            "service_account_email_address": "p545538106787-a8fc4q@gcp-sa-cloud-sql.iam.gserviceaccount.com",
            "settings": [
              {
                "activation_policy": "ALWAYS",
                "active_directory_config": [],
                "availability_type": "REGIONAL",
                "backup_configuration": [
                  {
                    "backup_retention_settings": [
                      {
                        "retained_backups": 7,
                        "retention_unit": "COUNT"
                      }
                    ],
                    "binary_log_enabled": false,
                    "enabled": true,
                    "location": "",
                    "point_in_time_recovery_enabled": false,
                    "start_time": "14:00",
                    "transaction_log_retention_days": 7
                  }
                ],
                "collation": "",
                "connector_enforcement": "NOT_REQUIRED",
                "database_flags": [],
                "deletion_protection_enabled": false,
                "deny_maintenance_period": [],
                "disk_autoresize": true,
                "disk_autoresize_limit": 0,
                "disk_size": 10,
                "disk_type": "PD_SSD",
                "insights_config": [],
                "ip_configuration": [
                  {
                    "allocated_ip_range": "",
                    "authorized_networks": [
                      {
                        "expiration_time": "",
                        "name": "",
                        "value": "82.71.37.92/32"
                      }
                    ],
                    "enable_private_path_for_google_cloud_services": false,
                    "ipv4_enabled": true,
                    "private_network": "",
                    "require_ssl": false
                  }
                ],
                "location_preference": [
                  {
                    "follow_gae_application": "",
                    "secondary_zone": "",
                    "zone": "us-central1-a"
                  }
                ],
                "maintenance_window": [],
                "password_validation_policy": [],
                "pricing_plan": "PER_USE",
                "sql_server_audit_config": [],
                "tier": "db-f1-micro",
                "time_zone": "",
                "user_labels": {},
                "version": 4
              }
            ],
            "timeouts": null
          },
          "sensitive_attributes": [],
          "private": "eyJlMmJmYjczMC1lY2FhLTExZTYtOGY4OC0zNDM2M2JjN2M0YzAiOnsiY3JlYXRlIjoyNDAwMDAwMDAwMDAwLCJkZWxldGUiOjE4MDAwMDAwMDAwMDAsInVwZGF0ZSI6MTgwMDAwMDAwMDAwMH19",
          "dependencies": [
            "random_id.db_name_suffix"
          ]
        }
      ]
    },
    {
      "mode": "managed",
      "type": "google_sql_user",
      "name": "user",
      "provider": "provider[\"registry.terraform.io/hashicorp/google\"]",
      "instances": [
        {
          "schema_version": 1,
          "attributes": {
            "deletion_policy": null,
            "host": "",
            "id": "user//postgres-instance-fb7c22c7",
            "instance": "postgres-instance-fb7c22c7",
            "name": "user",
            "password": "UERgJwt34Hb1",
            "password_policy": [],
            "project": "p1-tag-updater-manual",
            "sql_server_user_details": [],
            "timeouts": null,
            "type": ""
          },
          "sensitive_attributes": [],
          "private": "eyJlMmJmYjczMC1lY2FhLTExZTYtOGY4OC0zNDM2M2JjN2M0YzAiOnsiY3JlYXRlIjo2MDAwMDAwMDAwMDAsImRlbGV0ZSI6NjAwMDAwMDAwMDAwLCJ1cGRhdGUiOjYwMDAwMDAwMDAwMH0sInNjaGVtYV92ZXJzaW9uIjoiMSJ9",
          "dependencies": [
            "google_sql_database_instance.instance",
            "random_id.db_name_suffix"
          ]
        }
      ]
    },
    {
      "mode": "managed",
      "type": "random_id",
      "name": "db_name_suffix",
      "provider": "provider[\"registry.terraform.io/hashicorp/random\"]",
      "instances": [
        {
          "schema_version": 0,
          "attributes": {
            "b64_std": "+3wixw==",
            "b64_url": "-3wixw",
            "byte_length": 4,
            "dec": "4219216583",
            "hex": "fb7c22c7",
            "id": "-3wixw",
            "keepers": null,
            "prefix": null
          },
          "sensitive_attributes": []
        }
      ]
    }
  ],
  "check_results": null
}
